// !$*UTF8*$!
{
	archiveVersion = 1;
	classes = {
	};
	objectVersion = 56;
	objects = {

/* Begin PBXBuildFile section */
		42ADDB732B8932D1002376A6 /* ListaProductosView.swift in Sources */ = {isa = PBXBuildFile; fileRef = 42ADDB722B8932D1002376A6 /* ListaProductosView.swift */; };
		6F08DEFB2B717D9900A838E8 /* OnlineShop_App.swift in Sources */ = {isa = PBXBuildFile; fileRef = 6F08DEFA2B717D9900A838E8 /* OnlineShop_App.swift */; };
		6F08DEFD2B717D9900A838E8 /* ContentView.swift in Sources */ = {isa = PBXBuildFile; fileRef = 6F08DEFC2B717D9900A838E8 /* ContentView.swift */; };
		6F08DEFF2B717D9C00A838E8 /* Assets.xcassets in Resources */ = {isa = PBXBuildFile; fileRef = 6F08DEFE2B717D9C00A838E8 /* Assets.xcassets */; };
		6F08DF022B717D9C00A838E8 /* Preview Assets.xcassets in Resources */ = {isa = PBXBuildFile; fileRef = 6F08DF012B717D9C00A838E8 /* Preview Assets.xcassets */; };
		6F08DF0C2B717D9C00A838E8 /* OnlineShop_AppTests.swift in Sources */ = {isa = PBXBuildFile; fileRef = 6F08DF0B2B717D9C00A838E8 /* OnlineShop_AppTests.swift */; };
		6F08DF162B717D9C00A838E8 /* OnlineShop_AppUITests.swift in Sources */ = {isa = PBXBuildFile; fileRef = 6F08DF152B717D9C00A838E8 /* OnlineShop_AppUITests.swift */; };
		6F08DF182B717D9C00A838E8 /* OnlineShop_AppUITestsLaunchTests.swift in Sources */ = {isa = PBXBuildFile; fileRef = 6F08DF172B717D9C00A838E8 /* OnlineShop_AppUITestsLaunchTests.swift */; };
		6F08DF292B717F9800A838E8 /* Producto.swift in Sources */ = {isa = PBXBuildFile; fileRef = 6F08DF282B717F9800A838E8 /* Producto.swift */; };
		6F08DF2B2B71825800A838E8 /* ProductoFila.swift in Sources */ = {isa = PBXBuildFile; fileRef = 6F08DF2A2B71825800A838E8 /* ProductoFila.swift */; };
		6F08DF2D2B719DA600A838E8 /* TabViewMenu.swift in Sources */ = {isa = PBXBuildFile; fileRef = 6F08DF2C2B719DA600A838E8 /* TabViewMenu.swift */; };
		6F08DF312B71BE5400A838E8 /* NetworkManager.swift in Sources */ = {isa = PBXBuildFile; fileRef = 6F08DF302B71BE5400A838E8 /* NetworkManager.swift */; };
		6F08DF332B71BE7200A838E8 /* WEError.swift in Sources */ = {isa = PBXBuildFile; fileRef = 6F08DF322B71BE7200A838E8 /* WEError.swift */; };
		6F08DF352B71C4D500A838E8 /* Deserializer.swift in Sources */ = {isa = PBXBuildFile; fileRef = 6F08DF342B71C4D500A838E8 /* Deserializer.swift */; };
		6F0F0F812B89363B00C02AB0 /* ProductosViewModel.swift in Sources */ = {isa = PBXBuildFile; fileRef = 6F0F0F802B89363B00C02AB0 /* ProductosViewModel.swift */; };
/* End PBXBuildFile section */

/* Begin PBXContainerItemProxy section */
		6F08DF082B717D9C00A838E8 /* PBXContainerItemProxy */ = {
			isa = PBXContainerItemProxy;
			containerPortal = 6F08DEEF2B717D9900A838E8 /* Project object */;
			proxyType = 1;
			remoteGlobalIDString = 6F08DEF62B717D9900A838E8;
			remoteInfo = "OnlineShop-App";
		};
		6F08DF122B717D9C00A838E8 /* PBXContainerItemProxy */ = {
			isa = PBXContainerItemProxy;
			containerPortal = 6F08DEEF2B717D9900A838E8 /* Project object */;
			proxyType = 1;
			remoteGlobalIDString = 6F08DEF62B717D9900A838E8;
			remoteInfo = "OnlineShop-App";
		};
/* End PBXContainerItemProxy section */

/* Begin PBXFileReference section */
		42ADDB722B8932D1002376A6 /* ListaProductosView.swift */ = {isa = PBXFileReference; lastKnownFileType = sourcecode.swift; path = ListaProductosView.swift; sourceTree = "<group>"; };
		6F08DEF72B717D9900A838E8 /* OnlineShop-App.app */ = {isa = PBXFileReference; explicitFileType = wrapper.application; includeInIndex = 0; path = "OnlineShop-App.app"; sourceTree = BUILT_PRODUCTS_DIR; };
		6F08DEFA2B717D9900A838E8 /* OnlineShop_App.swift */ = {isa = PBXFileReference; lastKnownFileType = sourcecode.swift; path = OnlineShop_App.swift; sourceTree = "<group>"; };
		6F08DEFC2B717D9900A838E8 /* ContentView.swift */ = {isa = PBXFileReference; lastKnownFileType = sourcecode.swift; path = ContentView.swift; sourceTree = "<group>"; };
		6F08DEFE2B717D9C00A838E8 /* Assets.xcassets */ = {isa = PBXFileReference; lastKnownFileType = folder.assetcatalog; path = Assets.xcassets; sourceTree = "<group>"; };
		6F08DF012B717D9C00A838E8 /* Preview Assets.xcassets */ = {isa = PBXFileReference; lastKnownFileType = folder.assetcatalog; path = "Preview Assets.xcassets"; sourceTree = "<group>"; };
		6F08DF072B717D9C00A838E8 /* OnlineShop-AppTests.xctest */ = {isa = PBXFileReference; explicitFileType = wrapper.cfbundle; includeInIndex = 0; path = "OnlineShop-AppTests.xctest"; sourceTree = BUILT_PRODUCTS_DIR; };
		6F08DF0B2B717D9C00A838E8 /* OnlineShop_AppTests.swift */ = {isa = PBXFileReference; lastKnownFileType = sourcecode.swift; path = OnlineShop_AppTests.swift; sourceTree = "<group>"; };
		6F08DF112B717D9C00A838E8 /* OnlineShop-AppUITests.xctest */ = {isa = PBXFileReference; explicitFileType = wrapper.cfbundle; includeInIndex = 0; path = "OnlineShop-AppUITests.xctest"; sourceTree = BUILT_PRODUCTS_DIR; };
		6F08DF152B717D9C00A838E8 /* OnlineShop_AppUITests.swift */ = {isa = PBXFileReference; lastKnownFileType = sourcecode.swift; path = OnlineShop_AppUITests.swift; sourceTree = "<group>"; };
		6F08DF172B717D9C00A838E8 /* OnlineShop_AppUITestsLaunchTests.swift */ = {isa = PBXFileReference; lastKnownFileType = sourcecode.swift; path = OnlineShop_AppUITestsLaunchTests.swift; sourceTree = "<group>"; };
		6F08DF282B717F9800A838E8 /* Producto.swift */ = {isa = PBXFileReference; lastKnownFileType = sourcecode.swift; path = Producto.swift; sourceTree = "<group>"; };
		6F08DF2A2B71825800A838E8 /* ProductoFila.swift */ = {isa = PBXFileReference; lastKnownFileType = sourcecode.swift; path = ProductoFila.swift; sourceTree = "<group>"; };
		6F08DF2C2B719DA600A838E8 /* TabViewMenu.swift */ = {isa = PBXFileReference; lastKnownFileType = sourcecode.swift; path = TabViewMenu.swift; sourceTree = "<group>"; };
		6F08DF302B71BE5400A838E8 /* NetworkManager.swift */ = {isa = PBXFileReference; fileEncoding = 4; lastKnownFileType = sourcecode.swift; path = NetworkManager.swift; sourceTree = "<group>"; };
		6F08DF322B71BE7200A838E8 /* WEError.swift */ = {isa = PBXFileReference; fileEncoding = 4; lastKnownFileType = sourcecode.swift; path = WEError.swift; sourceTree = "<group>"; };
		6F08DF342B71C4D500A838E8 /* Deserializer.swift */ = {isa = PBXFileReference; lastKnownFileType = sourcecode.swift; path = Deserializer.swift; sourceTree = "<group>"; };
		6F0F0F802B89363B00C02AB0 /* ProductosViewModel.swift */ = {isa = PBXFileReference; lastKnownFileType = sourcecode.swift; path = ProductosViewModel.swift; sourceTree = "<group>"; };
/* End PBXFileReference section */

/* Begin PBXFrameworksBuildPhase section */
		6F08DEF42B717D9900A838E8 /* Frameworks */ = {
			isa = PBXFrameworksBuildPhase;
			buildActionMask = 2147483647;
			files = (
			);
			runOnlyForDeploymentPostprocessing = 0;
		};
		6F08DF042B717D9C00A838E8 /* Frameworks */ = {
			isa = PBXFrameworksBuildPhase;
			buildActionMask = 2147483647;
			files = (
			);
			runOnlyForDeploymentPostprocessing = 0;
		};
		6F08DF0E2B717D9C00A838E8 /* Frameworks */ = {
			isa = PBXFrameworksBuildPhase;
			buildActionMask = 2147483647;
			files = (
			);
			runOnlyForDeploymentPostprocessing = 0;
		};
/* End PBXFrameworksBuildPhase section */

/* Begin PBXGroup section */
		6F08DEEE2B717D9900A838E8 = {
			isa = PBXGroup;
			children = (
				6F08DF272B717EEB00A838E8 /* Utilities */,
				6F08DF262B717EBB00A838E8 /* Models */,
				6F08DF252B717E7A00A838E8 /* ViewModels */,
				6F08DF242B717E2B00A838E8 /* Views */,
				6F08DEF92B717D9900A838E8 /* OnlineShop-App */,
				6F08DF0A2B717D9C00A838E8 /* OnlineShop-AppTests */,
				6F08DF142B717D9C00A838E8 /* OnlineShop-AppUITests */,
				6F08DEF82B717D9900A838E8 /* Products */,
			);
			sourceTree = "<group>";
		};
		6F08DEF82B717D9900A838E8 /* Products */ = {
			isa = PBXGroup;
			children = (
				6F08DEF72B717D9900A838E8 /* OnlineShop-App.app */,
				6F08DF072B717D9C00A838E8 /* OnlineShop-AppTests.xctest */,
				6F08DF112B717D9C00A838E8 /* OnlineShop-AppUITests.xctest */,
			);
			name = Products;
			sourceTree = "<group>";
		};
		6F08DEF92B717D9900A838E8 /* OnlineShop-App */ = {
			isa = PBXGroup;
			children = (
				6F08DEFA2B717D9900A838E8 /* OnlineShop_App.swift */,
				6F08DEFE2B717D9C00A838E8 /* Assets.xcassets */,
				6F08DF002B717D9C00A838E8 /* Preview Content */,
			);
			path = "OnlineShop-App";
			sourceTree = "<group>";
		};
		6F08DF002B717D9C00A838E8 /* Preview Content */ = {
			isa = PBXGroup;
			children = (
				6F08DF012B717D9C00A838E8 /* Preview Assets.xcassets */,
			);
			path = "Preview Content";
			sourceTree = "<group>";
		};
		6F08DF0A2B717D9C00A838E8 /* OnlineShop-AppTests */ = {
			isa = PBXGroup;
			children = (
				6F08DF0B2B717D9C00A838E8 /* OnlineShop_AppTests.swift */,
			);
			path = "OnlineShop-AppTests";
			sourceTree = "<group>";
		};
		6F08DF142B717D9C00A838E8 /* OnlineShop-AppUITests */ = {
			isa = PBXGroup;
			children = (
				6F08DF152B717D9C00A838E8 /* OnlineShop_AppUITests.swift */,
				6F08DF172B717D9C00A838E8 /* OnlineShop_AppUITestsLaunchTests.swift */,
			);
			path = "OnlineShop-AppUITests";
			sourceTree = "<group>";
		};
		6F08DF242B717E2B00A838E8 /* Views */ = {
			isa = PBXGroup;
			children = (
				6F08DEFC2B717D9900A838E8 /* ContentView.swift */,
				6F08DF2C2B719DA600A838E8 /* TabViewMenu.swift */,
				6F08DF2A2B71825800A838E8 /* ProductoFila.swift */,
				42ADDB722B8932D1002376A6 /* ListaProductosView.swift */,
			);
			path = Views;
			sourceTree = "<group>";
		};
		6F08DF252B717E7A00A838E8 /* ViewModels */ = {
			isa = PBXGroup;
			children = (
				6F0F0F802B89363B00C02AB0 /* ProductosViewModel.swift */,
			);
			path = ViewModels;
			sourceTree = "<group>";
		};
		6F08DF262B717EBB00A838E8 /* Models */ = {
			isa = PBXGroup;
			children = (
				6F08DF282B717F9800A838E8 /* Producto.swift */,
			);
			path = Models;
			sourceTree = "<group>";
		};
		6F08DF272B717EEB00A838E8 /* Utilities */ = {
			isa = PBXGroup;
			children = (
				6F08DF322B71BE7200A838E8 /* WEError.swift */,
				6F08DF302B71BE5400A838E8 /* NetworkManager.swift */,
				6F08DF342B71C4D500A838E8 /* Deserializer.swift */,
			);
			path = Utilities;
			sourceTree = "<group>";
		};
/* End PBXGroup section */

/* Begin PBXNativeTarget section */
		6F08DEF62B717D9900A838E8 /* OnlineShop-App */ = {
			isa = PBXNativeTarget;
			buildConfigurationList = 6F08DF1B2B717D9C00A838E8 /* Build configuration list for PBXNativeTarget "OnlineShop-App" */;
			buildPhases = (
				6F08DEF32B717D9900A838E8 /* Sources */,
				6F08DEF42B717D9900A838E8 /* Frameworks */,
				6F08DEF52B717D9900A838E8 /* Resources */,
			);
			buildRules = (
			);
			dependencies = (
			);
			name = "OnlineShop-App";
			productName = "OnlineShop-App";
			productReference = 6F08DEF72B717D9900A838E8 /* OnlineShop-App.app */;
			productType = "com.apple.product-type.application";
		};
		6F08DF062B717D9C00A838E8 /* OnlineShop-AppTests */ = {
			isa = PBXNativeTarget;
			buildConfigurationList = 6F08DF1E2B717D9C00A838E8 /* Build configuration list for PBXNativeTarget "OnlineShop-AppTests" */;
			buildPhases = (
				6F08DF032B717D9C00A838E8 /* Sources */,
				6F08DF042B717D9C00A838E8 /* Frameworks */,
				6F08DF052B717D9C00A838E8 /* Resources */,
			);
			buildRules = (
			);
			dependencies = (
				6F08DF092B717D9C00A838E8 /* PBXTargetDependency */,
			);
			name = "OnlineShop-AppTests";
			productName = "OnlineShop-AppTests";
			productReference = 6F08DF072B717D9C00A838E8 /* OnlineShop-AppTests.xctest */;
			productType = "com.apple.product-type.bundle.unit-test";
		};
		6F08DF102B717D9C00A838E8 /* OnlineShop-AppUITests */ = {
			isa = PBXNativeTarget;
			buildConfigurationList = 6F08DF212B717D9C00A838E8 /* Build configuration list for PBXNativeTarget "OnlineShop-AppUITests" */;
			buildPhases = (
				6F08DF0D2B717D9C00A838E8 /* Sources */,
				6F08DF0E2B717D9C00A838E8 /* Frameworks */,
				6F08DF0F2B717D9C00A838E8 /* Resources */,
			);
			buildRules = (
			);
			dependencies = (
				6F08DF132B717D9C00A838E8 /* PBXTargetDependency */,
			);
			name = "OnlineShop-AppUITests";
			productName = "OnlineShop-AppUITests";
			productReference = 6F08DF112B717D9C00A838E8 /* OnlineShop-AppUITests.xctest */;
			productType = "com.apple.product-type.bundle.ui-testing";
		};
/* End PBXNativeTarget section */

/* Begin PBXProject section */
		6F08DEEF2B717D9900A838E8 /* Project object */ = {
			isa = PBXProject;
			attributes = {
				BuildIndependentTargetsInParallel = 1;
				LastSwiftUpdateCheck = 1500;
				LastUpgradeCheck = 1500;
				TargetAttributes = {
					6F08DEF62B717D9900A838E8 = {
						CreatedOnToolsVersion = 15.0;
					};
					6F08DF062B717D9C00A838E8 = {
						CreatedOnToolsVersion = 15.0;
						TestTargetID = 6F08DEF62B717D9900A838E8;
					};
					6F08DF102B717D9C00A838E8 = {
						CreatedOnToolsVersion = 15.0;
						TestTargetID = 6F08DEF62B717D9900A838E8;
					};
				};
			};
			buildConfigurationList = 6F08DEF22B717D9900A838E8 /* Build configuration list for PBXProject "OnlineShop-App" */;
			compatibilityVersion = "Xcode 14.0";
			developmentRegion = en;
			hasScannedForEncodings = 0;
			knownRegions = (
				en,
				Base,
			);
			mainGroup = 6F08DEEE2B717D9900A838E8;
			productRefGroup = 6F08DEF82B717D9900A838E8 /* Products */;
			projectDirPath = "";
			projectRoot = "";
			targets = (
				6F08DEF62B717D9900A838E8 /* OnlineShop-App */,
				6F08DF062B717D9C00A838E8 /* OnlineShop-AppTests */,
				6F08DF102B717D9C00A838E8 /* OnlineShop-AppUITests */,
			);
		};
/* End PBXProject section */

/* Begin PBXResourcesBuildPhase section */
		6F08DEF52B717D9900A838E8 /* Resources */ = {
			isa = PBXResourcesBuildPhase;
			buildActionMask = 2147483647;
			files = (
				6F08DF022B717D9C00A838E8 /* Preview Assets.xcassets in Resources */,
				6F08DEFF2B717D9C00A838E8 /* Assets.xcassets in Resources */,
			);
			runOnlyForDeploymentPostprocessing = 0;
		};
		6F08DF052B717D9C00A838E8 /* Resources */ = {
			isa = PBXResourcesBuildPhase;
			buildActionMask = 2147483647;
			files = (
			);
			runOnlyForDeploymentPostprocessing = 0;
		};
		6F08DF0F2B717D9C00A838E8 /* Resources */ = {
			isa = PBXResourcesBuildPhase;
			buildActionMask = 2147483647;
			files = (
			);
			runOnlyForDeploymentPostprocessing = 0;
		};
/* End PBXResourcesBuildPhase section */

/* Begin PBXSourcesBuildPhase section */
		6F08DEF32B717D9900A838E8 /* Sources */ = {
			isa = PBXSourcesBuildPhase;
			buildActionMask = 2147483647;
			files = (
				6F08DF332B71BE7200A838E8 /* WEError.swift in Sources */,
				6F08DF312B71BE5400A838E8 /* NetworkManager.swift in Sources */,
				6F08DF2D2B719DA600A838E8 /* TabViewMenu.swift in Sources */,
				6F08DEFD2B717D9900A838E8 /* ContentView.swift in Sources */,
				6F08DF2B2B71825800A838E8 /* ProductoFila.swift in Sources */,
				6F08DEFB2B717D9900A838E8 /* OnlineShop_App.swift in Sources */,
				6F08DF352B71C4D500A838E8 /* Deserializer.swift in Sources */,
				6F0F0F812B89363B00C02AB0 /* ProductosViewModel.swift in Sources */,
				6F08DF292B717F9800A838E8 /* Producto.swift in Sources */,
				42ADDB732B8932D1002376A6 /* ListaProductosView.swift in Sources */,
			);
			runOnlyForDeploymentPostprocessing = 0;
		};
		6F08DF032B717D9C00A838E8 /* Sources */ = {
			isa = PBXSourcesBuildPhase;
			buildActionMask = 2147483647;
			files = (
				6F08DF0C2B717D9C00A838E8 /* OnlineShop_AppTests.swift in Sources */,
			);
			runOnlyForDeploymentPostprocessing = 0;
		};
		6F08DF0D2B717D9C00A838E8 /* Sources */ = {
			isa = PBXSourcesBuildPhase;
			buildActionMask = 2147483647;
			files = (
				6F08DF162B717D9C00A838E8 /* OnlineShop_AppUITests.swift in Sources */,
				6F08DF182B717D9C00A838E8 /* OnlineShop_AppUITestsLaunchTests.swift in Sources */,
			);
			runOnlyForDeploymentPostprocessing = 0;
		};
/* End PBXSourcesBuildPhase section */

/* Begin PBXTargetDependency section */
		6F08DF092B717D9C00A838E8 /* PBXTargetDependency */ = {
			isa = PBXTargetDependency;
			target = 6F08DEF62B717D9900A838E8 /* OnlineShop-App */;
			targetProxy = 6F08DF082B717D9C00A838E8 /* PBXContainerItemProxy */;
		};
		6F08DF132B717D9C00A838E8 /* PBXTargetDependency */ = {
			isa = PBXTargetDependency;
			target = 6F08DEF62B717D9900A838E8 /* OnlineShop-App */;
			targetProxy = 6F08DF122B717D9C00A838E8 /* PBXContainerItemProxy */;
		};
/* End PBXTargetDependency section */

/* Begin XCBuildConfiguration section */
		6F08DF192B717D9C00A838E8 /* Debug */ = {
			isa = XCBuildConfiguration;
			buildSettings = {
				ALWAYS_SEARCH_USER_PATHS = NO;
				ASSETCATALOG_COMPILER_GENERATE_SWIFT_ASSET_SYMBOL_EXTENSIONS = YES;
				CLANG_ANALYZER_NONNULL = YES;
				CLANG_ANALYZER_NUMBER_OBJECT_CONVERSION = YES_AGGRESSIVE;
				CLANG_CXX_LANGUAGE_STANDARD = "gnu++20";
				CLANG_ENABLE_MODULES = YES;
				CLANG_ENABLE_OBJC_ARC = YES;
				CLANG_ENABLE_OBJC_WEAK = YES;
				CLANG_WARN_BLOCK_CAPTURE_AUTORELEASING = YES;
				CLANG_WARN_BOOL_CONVERSION = YES;
				CLANG_WARN_COMMA = YES;
				CLANG_WARN_CONSTANT_CONVERSION = YES;
				CLANG_WARN_DEPRECATED_OBJC_IMPLEMENTATIONS = YES;
				CLANG_WARN_DIRECT_OBJC_ISA_USAGE = YES_ERROR;
				CLANG_WARN_DOCUMENTATION_COMMENTS = YES;
				CLANG_WARN_EMPTY_BODY = YES;
				CLANG_WARN_ENUM_CONVERSION = YES;
				CLANG_WARN_INFINITE_RECURSION = YES;
				CLANG_WARN_INT_CONVERSION = YES;
				CLANG_WARN_NON_LITERAL_NULL_CONVERSION = YES;
				CLANG_WARN_OBJC_IMPLICIT_RETAIN_SELF = YES;
				CLANG_WARN_OBJC_LITERAL_CONVERSION = YES;
				CLANG_WARN_OBJC_ROOT_CLASS = YES_ERROR;
				CLANG_WARN_QUOTED_INCLUDE_IN_FRAMEWORK_HEADER = YES;
				CLANG_WARN_RANGE_LOOP_ANALYSIS = YES;
				CLANG_WARN_STRICT_PROTOTYPES = YES;
				CLANG_WARN_SUSPICIOUS_MOVE = YES;
				CLANG_WARN_UNGUARDED_AVAILABILITY = YES_AGGRESSIVE;
				CLANG_WARN_UNREACHABLE_CODE = YES;
				CLANG_WARN__DUPLICATE_METHOD_MATCH = YES;
				COPY_PHASE_STRIP = NO;
				DEBUG_INFORMATION_FORMAT = dwarf;
				ENABLE_STRICT_OBJC_MSGSEND = YES;
				ENABLE_TESTABILITY = YES;
				ENABLE_USER_SCRIPT_SANDBOXING = YES;
				GCC_C_LANGUAGE_STANDARD = gnu17;
				GCC_DYNAMIC_NO_PIC = NO;
				GCC_NO_COMMON_BLOCKS = YES;
				GCC_OPTIMIZATION_LEVEL = 0;
				GCC_PREPROCESSOR_DEFINITIONS = (
					"DEBUG=1",
					"$(inherited)",
				);
				GCC_WARN_64_TO_32_BIT_CONVERSION = YES;
				GCC_WARN_ABOUT_RETURN_TYPE = YES_ERROR;
				GCC_WARN_UNDECLARED_SELECTOR = YES;
				GCC_WARN_UNINITIALIZED_AUTOS = YES_AGGRESSIVE;
				GCC_WARN_UNUSED_FUNCTION = YES;
				GCC_WARN_UNUSED_VARIABLE = YES;
				IPHONEOS_DEPLOYMENT_TARGET = 17.0;
				LOCALIZATION_PREFERS_STRING_CATALOGS = YES;
				MTL_ENABLE_DEBUG_INFO = INCLUDE_SOURCE;
				MTL_FAST_MATH = YES;
				ONLY_ACTIVE_ARCH = YES;
				SDKROOT = iphoneos;
				SWIFT_ACTIVE_COMPILATION_CONDITIONS = "DEBUG $(inherited)";
				SWIFT_OPTIMIZATION_LEVEL = "-Onone";
			};
			name = Debug;
		};
		6F08DF1A2B717D9C00A838E8 /* Release */ = {
			isa = XCBuildConfiguration;
			buildSettings = {
				ALWAYS_SEARCH_USER_PATHS = NO;
				ASSETCATALOG_COMPILER_GENERATE_SWIFT_ASSET_SYMBOL_EXTENSIONS = YES;
				CLANG_ANALYZER_NONNULL = YES;
				CLANG_ANALYZER_NUMBER_OBJECT_CONVERSION = YES_AGGRESSIVE;
				CLANG_CXX_LANGUAGE_STANDARD = "gnu++20";
				CLANG_ENABLE_MODULES = YES;
				CLANG_ENABLE_OBJC_ARC = YES;
				CLANG_ENABLE_OBJC_WEAK = YES;
				CLANG_WARN_BLOCK_CAPTURE_AUTORELEASING = YES;
				CLANG_WARN_BOOL_CONVERSION = YES;
				CLANG_WARN_COMMA = YES;
				CLANG_WARN_CONSTANT_CONVERSION = YES;
				CLANG_WARN_DEPRECATED_OBJC_IMPLEMENTATIONS = YES;
				CLANG_WARN_DIRECT_OBJC_ISA_USAGE = YES_ERROR;
				CLANG_WARN_DOCUMENTATION_COMMENTS = YES;
				CLANG_WARN_EMPTY_BODY = YES;
				CLANG_WARN_ENUM_CONVERSION = YES;
				CLANG_WARN_INFINITE_RECURSION = YES;
				CLANG_WARN_INT_CONVERSION = YES;
				CLANG_WARN_NON_LITERAL_NULL_CONVERSION = YES;
				CLANG_WARN_OBJC_IMPLICIT_RETAIN_SELF = YES;
				CLANG_WARN_OBJC_LITERAL_CONVERSION = YES;
				CLANG_WARN_OBJC_ROOT_CLASS = YES_ERROR;
				CLANG_WARN_QUOTED_INCLUDE_IN_FRAMEWORK_HEADER = YES;
				CLANG_WARN_RANGE_LOOP_ANALYSIS = YES;
				CLANG_WARN_STRICT_PROTOTYPES = YES;
				CLANG_WARN_SUSPICIOUS_MOVE = YES;
				CLANG_WARN_UNGUARDED_AVAILABILITY = YES_AGGRESSIVE;
				CLANG_WARN_UNREACHABLE_CODE = YES;
				CLANG_WARN__DUPLICATE_METHOD_MATCH = YES;
				COPY_PHASE_STRIP = NO;
				DEBUG_INFORMATION_FORMAT = "dwarf-with-dsym";
				ENABLE_NS_ASSERTIONS = NO;
				ENABLE_STRICT_OBJC_MSGSEND = YES;
				ENABLE_USER_SCRIPT_SANDBOXING = YES;
				GCC_C_LANGUAGE_STANDARD = gnu17;
				GCC_NO_COMMON_BLOCKS = YES;
				GCC_WARN_64_TO_32_BIT_CONVERSION = YES;
				GCC_WARN_ABOUT_RETURN_TYPE = YES_ERROR;
				GCC_WARN_UNDECLARED_SELECTOR = YES;
				GCC_WARN_UNINITIALIZED_AUTOS = YES_AGGRESSIVE;
				GCC_WARN_UNUSED_FUNCTION = YES;
				GCC_WARN_UNUSED_VARIABLE = YES;
				IPHONEOS_DEPLOYMENT_TARGET = 17.0;
				LOCALIZATION_PREFERS_STRING_CATALOGS = YES;
				MTL_ENABLE_DEBUG_INFO = NO;
				MTL_FAST_MATH = YES;
				SDKROOT = iphoneos;
				SWIFT_COMPILATION_MODE = wholemodule;
				VALIDATE_PRODUCT = YES;
			};
			name = Release;
		};
		6F08DF1C2B717D9C00A838E8 /* Debug */ = {
			isa = XCBuildConfiguration;
			buildSettings = {
				ASSETCATALOG_COMPILER_APPICON_NAME = AppIcon;
				ASSETCATALOG_COMPILER_GLOBAL_ACCENT_COLOR_NAME = AccentColor;
				CODE_SIGN_STYLE = Automatic;
				CURRENT_PROJECT_VERSION = 1;
				DEVELOPMENT_ASSET_PATHS = "\"OnlineShop-App/Preview Content\"";
				ENABLE_PREVIEWS = YES;
				GENERATE_INFOPLIST_FILE = YES;
				INFOPLIST_KEY_UIApplicationSceneManifest_Generation = YES;
				INFOPLIST_KEY_UIApplicationSupportsIndirectInputEvents = YES;
				INFOPLIST_KEY_UILaunchScreen_Generation = YES;
				INFOPLIST_KEY_UISupportedInterfaceOrientations_iPad = "UIInterfaceOrientationPortrait UIInterfaceOrientationPortraitUpsideDown UIInterfaceOrientationLandscapeLeft UIInterfaceOrientationLandscapeRight";
				INFOPLIST_KEY_UISupportedInterfaceOrientations_iPhone = "UIInterfaceOrientationPortrait UIInterfaceOrientationLandscapeLeft UIInterfaceOrientationLandscapeRight";
				LD_RUNPATH_SEARCH_PATHS = (
					"$(inherited)",
					"@executable_path/Frameworks",
				);
				MARKETING_VERSION = 1.0;
				PRODUCT_BUNDLE_IDENTIFIER = "org.egibide.pmdm.OnlineShop-App";
				PRODUCT_NAME = "$(TARGET_NAME)";
				SWIFT_EMIT_LOC_STRINGS = YES;
				SWIFT_VERSION = 5.0;
				TARGETED_DEVICE_FAMILY = "1,2";
			};
			name = Debug;
		};
		6F08DF1D2B717D9C00A838E8 /* Release */ = {
			isa = XCBuildConfiguration;
			buildSettings = {
				ASSETCATALOG_COMPILER_APPICON_NAME = AppIcon;
				ASSETCATALOG_COMPILER_GLOBAL_ACCENT_COLOR_NAME = AccentColor;
				CODE_SIGN_STYLE = Automatic;
				CURRENT_PROJECT_VERSION = 1;
				DEVELOPMENT_ASSET_PATHS = "\"OnlineShop-App/Preview Content\"";
				ENABLE_PREVIEWS = YES;
				GENERATE_INFOPLIST_FILE = YES;
				INFOPLIST_KEY_UIApplicationSceneManifest_Generation = YES;
				INFOPLIST_KEY_UIApplicationSupportsIndirectInputEvents = YES;
				INFOPLIST_KEY_UILaunchScreen_Generation = YES;
				INFOPLIST_KEY_UISupportedInterfaceOrientations_iPad = "UIInterfaceOrientationPortrait UIInterfaceOrientationPortraitUpsideDown UIInterfaceOrientationLandscapeLeft UIInterfaceOrientationLandscapeRight";
				INFOPLIST_KEY_UISupportedInterfaceOrientations_iPhone = "UIInterfaceOrientationPortrait UIInterfaceOrientationLandscapeLeft UIInterfaceOrientationLandscapeRight";
				LD_RUNPATH_SEARCH_PATHS = (
					"$(inherited)",
					"@executable_path/Frameworks",
				);
				MARKETING_VERSION = 1.0;
				PRODUCT_BUNDLE_IDENTIFIER = "org.egibide.pmdm.OnlineShop-App";
				PRODUCT_NAME = "$(TARGET_NAME)";
				SWIFT_EMIT_LOC_STRINGS = YES;
				SWIFT_VERSION = 5.0;
				TARGETED_DEVICE_FAMILY = "1,2";
			};
			name = Release;
		};
		6F08DF1F2B717D9C00A838E8 /* Debug */ = {
			isa = XCBuildConfiguration;
			buildSettings = {
				ALWAYS_EMBED_SWIFT_STANDARD_LIBRARIES = YES;
				BUNDLE_LOADER = "$(TEST_HOST)";
				CODE_SIGN_STYLE = Automatic;
				CURRENT_PROJECT_VERSION = 1;
				GENERATE_INFOPLIST_FILE = YES;
				IPHONEOS_DEPLOYMENT_TARGET = 17.0;
				MARKETING_VERSION = 1.0;
				PRODUCT_BUNDLE_IDENTIFIER = "org.egibide.pmdm.OnlineShop-AppTests";
				PRODUCT_NAME = "$(TARGET_NAME)";
				SWIFT_EMIT_LOC_STRINGS = NO;
				SWIFT_VERSION = 5.0;
				TARGETED_DEVICE_FAMILY = "1,2";
				TEST_HOST = "$(BUILT_PRODUCTS_DIR)/OnlineShop-App.app/$(BUNDLE_EXECUTABLE_FOLDER_PATH)/OnlineShop-App";
			};
			name = Debug;
		};
		6F08DF202B717D9C00A838E8 /* Release */ = {
			isa = XCBuildConfiguration;
			buildSettings = {
				ALWAYS_EMBED_SWIFT_STANDARD_LIBRARIES = YES;
				BUNDLE_LOADER = "$(TEST_HOST)";
				CODE_SIGN_STYLE = Automatic;
				CURRENT_PROJECT_VERSION = 1;
				GENERATE_INFOPLIST_FILE = YES;
				IPHONEOS_DEPLOYMENT_TARGET = 17.0;
				MARKETING_VERSION = 1.0;
				PRODUCT_BUNDLE_IDENTIFIER = "org.egibide.pmdm.OnlineShop-AppTests";
				PRODUCT_NAME = "$(TARGET_NAME)";
				SWIFT_EMIT_LOC_STRINGS = NO;
				SWIFT_VERSION = 5.0;
				TARGETED_DEVICE_FAMILY = "1,2";
				TEST_HOST = "$(BUILT_PRODUCTS_DIR)/OnlineShop-App.app/$(BUNDLE_EXECUTABLE_FOLDER_PATH)/OnlineShop-App";
			};
			name = Release;
		};
		6F08DF222B717D9C00A838E8 /* Debug */ = {
			isa = XCBuildConfiguration;
			buildSettings = {
				ALWAYS_EMBED_SWIFT_STANDARD_LIBRARIES = YES;
				CODE_SIGN_STYLE = Automatic;
				CURRENT_PROJECT_VERSION = 1;
				GENERATE_INFOPLIST_FILE = YES;
				MARKETING_VERSION = 1.0;
				PRODUCT_BUNDLE_IDENTIFIER = "org.egibide.pmdm.OnlineShop-AppUITests";
				PRODUCT_NAME = "$(TARGET_NAME)";
				SWIFT_EMIT_LOC_STRINGS = NO;
				SWIFT_VERSION = 5.0;
				TARGETED_DEVICE_FAMILY = "1,2";
				TEST_TARGET_NAME = "OnlineShop-App";
			};
			name = Debug;
		};
		6F08DF232B717D9C00A838E8 /* Release */ = {
			isa = XCBuildConfiguration;
			buildSettings = {
				ALWAYS_EMBED_SWIFT_STANDARD_LIBRARIES = YES;
				CODE_SIGN_STYLE = Automatic;
				CURRENT_PROJECT_VERSION = 1;
				GENERATE_INFOPLIST_FILE = YES;
				MARKETING_VERSION = 1.0;
				PRODUCT_BUNDLE_IDENTIFIER = "org.egibide.pmdm.OnlineShop-AppUITests";
				PRODUCT_NAME = "$(TARGET_NAME)";
				SWIFT_EMIT_LOC_STRINGS = NO;
				SWIFT_VERSION = 5.0;
				TARGETED_DEVICE_FAMILY = "1,2";
				TEST_TARGET_NAME = "OnlineShop-App";
			};
			name = Release;
		};
/* End XCBuildConfiguration section */

/* Begin XCConfigurationList section */
		6F08DEF22B717D9900A838E8 /* Build configuration list for PBXProject "OnlineShop-App" */ = {
			isa = XCConfigurationList;
			buildConfigurations = (
				6F08DF192B717D9C00A838E8 /* Debug */,
				6F08DF1A2B717D9C00A838E8 /* Release */,
			);
			defaultConfigurationIsVisible = 0;
			defaultConfigurationName = Release;
		};
		6F08DF1B2B717D9C00A838E8 /* Build configuration list for PBXNativeTarget "OnlineShop-App" */ = {
			isa = XCConfigurationList;
			buildConfigurations = (
				6F08DF1C2B717D9C00A838E8 /* Debug */,
				6F08DF1D2B717D9C00A838E8 /* Release */,
			);
			defaultConfigurationIsVisible = 0;
			defaultConfigurationName = Release;
		};
		6F08DF1E2B717D9C00A838E8 /* Build configuration list for PBXNativeTarget "OnlineShop-AppTests" */ = {
			isa = XCConfigurationList;
			buildConfigurations = (
				6F08DF1F2B717D9C00A838E8 /* Debug */,
				6F08DF202B717D9C00A838E8 /* Release */,
			);
			defaultConfigurationIsVisible = 0;
			defaultConfigurationName = Release;
		};
		6F08DF212B717D9C00A838E8 /* Build configuration list for PBXNativeTarget "OnlineShop-AppUITests" */ = {
			isa = XCConfigurationList;
			buildConfigurations = (
				6F08DF222B717D9C00A838E8 /* Debug */,
				6F08DF232B717D9C00A838E8 /* Release */,
			);
			defaultConfigurationIsVisible = 0;
			defaultConfigurationName = Release;
		};
/* End XCConfigurationList section */
	};
	rootObject = 6F08DEEF2B717D9900A838E8 /* Project object */;
}
